
Microsoft Visual Studio Solution File, Format Version 12.00
# Visual Studio 15
VisualStudioVersion = 15.0.28307.421
MinimumVisualStudioVersion = 10.0.40219.1
Project("{8BC9CEB8-8B4A-11D0-8D11-00A0C91BC942}") = "kdtree", "kdtree\kdtree.vcxproj", "{EDD669A7-A1C5-423F-8B85-56103B9CDCB7}"
EndProject
Global
	GlobalSection(SolutionConfigurationPlatforms) = preSolution
		Debug|x64 = Debug|x64
		Debug|x86 = Debug|x86
		Release|x64 = Release|x64
		Release|x86 = Release|x86
	EndGlobalSection
	GlobalSection(ProjectConfigurationPlatforms) = postSolution
		{EDD669A7-A1C5-423F-8B85-56103B9CDCB7}.Debug|x64.ActiveCfg = Debug|x64
		{EDD669A7-A1C5-423F-8B85-56103B9CDCB7}.Debug|x64.Build.0 = Debug|x64
		{EDD669A7-A1C5-423F-8B85-56103B9CDCB7}.Debug|x86.ActiveCfg = Debug|Win32
		{EDD669A7-A1C5-423F-8B85-56103B9CDCB7}.Debug|x86.Build.0 = Debug|Win32
		{EDD669A7-A1C5-423F-8B85-56103B9CDCB7}.Release|x64.ActiveCfg = Release|x64
		{EDD669A7-A1C5-423F-8B85-56103B9CDCB7}.Release|x64.Build.0 = Release|x64
		{EDD669A7-A1C5-423F-8B85-56103B9CDCB7}.Release|x86.ActiveCfg = Release|Win32
		{EDD669A7-A1C5-423F-8B85-56103B9CDCB7}.Release|x86.Build.0 = Release|Win32
	EndGlobalSection
	GlobalSection(SolutionProperties) = preSolution
		HideSolutionNode = FALSE
	EndGlobalSection
	GlobalSection(ExtensibilityGlobals) = postSolution
		SolutionGuid = {5BFFC4D0-6AF6-406E-A314-5A7142497FFA}
	EndGlobalSection
EndGlobal
